# This file is autogenerated, do not edit; changes may be undone by the next 'dep ensure'.


[[projects]]
  name = "github.com/BurntSushi/toml"
  packages = ["."]
  revision = "b26d9c308763d68093482582cea63d69be07a0f0"
  version = "v0.3.0"

[[projects]]
  branch = "master"
  name = "github.com/Joker/jade"
  packages = ["."]
  revision = "35b3f5bdbcc920cd31f4870536dbc63be8530541"

[[projects]]
  branch = "master"
  name = "github.com/aymerick/raymond"
  packages = [".","ast","lexer","parser"]
  revision = "72acac2207479d21dd45898c2a4264246c818148"

[[projects]]
  branch = "master"
  name = "github.com/eknkc/amber"
  packages = [".","parser"]
  revision = "4ed0bf703376fff9d12e6fbf8a52914b8ff5f3c3"

[[projects]]
  name = "github.com/fatih/structs"
  packages = ["."]
  revision = "a720dfa8df582c51dee1b36feabb906bde1588bd"
  version = "v1.0"

[[projects]]
  branch = "master"
  name = "github.com/flosch/pongo2"
  packages = ["."]
  revision = "1f4be1efe3b3529b7e58861f75d70120a9567dc4"

[[projects]]
  branch = "master"
  name = "github.com/iris-contrib/formBinder"
  packages = ["."]
  revision = "ed52a69d2bfbe92c9e8c5a35cad28da183ededdc"

[[projects]]
  branch = "master"
  name = "github.com/json-iterator/go"
  packages = ["."]
  revision = "dbb1ef3f63aa0d9a11eec791f70d4a19981fa068"

[[projects]]
  branch = "master"
  name = "github.com/juju/errors"
  packages = ["."]
  revision = "c7d06af17c68cd34c835053720b21f6549d9b0ee"

[[projects]]
  branch = "master"
  name = "github.com/kataras/golog"
  packages = ["."]
  revision = "2ed680e7b1f34147164fa8073373e14fce02ac30"

[[projects]]
  name = "github.com/kataras/iris"
  packages = [".","cache","cache/cfg","cache/client","cache/client/rule","cache/entry","cache/ruleset","cache/uri","context","core/errors","core/handlerconv","core/host","core/memstore","core/netutil","core/router","core/router/macro","core/router/macro/interpreter/ast","core/router/macro/interpreter/lexer","core/router/macro/interpreter/parser","core/router/macro/interpreter/token","core/router/node","middleware/logger","middleware/recover","mvc","mvc/activator","mvc/activator/field","mvc/activator/methodfunc","mvc/activator/model","mvc/activator/persistence","sessions","view"]
  revision = "62b0f781ff87dcac587171a36f923619f4b1eb2d"
  version = "v8.4.2"

[[projects]]
  branch = "master"
  name = "github.com/kataras/pio"
  packages = [".","terminal"]
  revision = "825e39f34365e7db2c9fbc3692c16220e3bd7418"

[[projects]]
  name = "github.com/klauspost/compress"
  packages = ["flate","gzip"]
  revision = "6c8db69c4b49dd4df1fff66996cf556176d0b9bf"
  version = "v1.2.1"

[[projects]]
  name = "github.com/klauspost/cpuid"
  packages = ["."]
  revision = "ae7887de9fa5d2db4eaa8174a7eff2c1ac00f2da"
  version = "v1.1"

[[projects]]
  name = "github.com/klauspost/crc32"
  packages = ["."]
  revision = "cb6bfca970f6908083f26f39a79009d608efd5cd"
  version = "v1.1"

[[projects]]
  branch = "master"
  name = "github.com/microcosm-cc/bluemonday"
  packages = ["."]
  revision = "68fecaef60268522d2ac3f0123cec9d3bcab7b6e"

[[projects]]
  name = "github.com/nicksnyder/go-i18n"
  packages = ["i18n/bundle","i18n/language","i18n/translation"]
  revision = "ca33e78c8a430e2df435b02f63a3944fa8e9ea11"
  version = "v1.9.0"

[[projects]]
  name = "github.com/pelletier/go-buffruneio"
  packages = ["."]
  revision = "c37440a7cf42ac63b919c752ca73a85067e05992"
  version = "v0.2.0"

[[projects]]
  name = "github.com/pelletier/go-toml"
  packages = ["."]
  revision = "5ccdfb18c776b740aecaf085c4d9a2779199c279"
  version = "v1.0.0"

[[projects]]
  name = "github.com/russross/blackfriday"
  packages = ["."]
  revision = "cadec560ec52d93835bf2f15bd794700d3a2473b"
  version = "v2.0.0"

[[projects]]
  branch = "master"
  name = "github.com/ryanuber/columnize"
  packages = ["."]
  revision = "abc90934186a77966e2beeac62ed966aac0561d5"

[[projects]]
  branch = "master"
  name = "github.com/satori/go.uuid"
  packages = ["."]
  revision = "5bf94b69c6b68ee1b541973bb8e1144db23a194b"

[[projects]]
  branch = "master"
  name = "github.com/shurcooL/sanitized_anchor_name"
  packages = ["."]
  revision = "86672fcb3f950f35f2e675df2240550f2a50762f"

[[projects]]
  branch = "master"
  name = "golang.org/x/crypto"
  packages = ["acme","acme/autocert"]
  revision = "7d9177d70076375b9a59c8fde23d52d9c4a7ecd5"

[[projects]]
  branch = "master"
  name = "golang.org/x/net"
  packages = ["html","html/atom"]
  revision = "0744d001aa8470aaa53df28d32e5ceeb8af9bd70"

[[projects]]
  branch = "master"
  name = "golang.org/x/sys"
  packages = ["unix"]
  revision = "429f518978ab01db8bb6f44b66785088e7fba58b"

[[projects]]
  branch = "v2"
  name = "gopkg.in/yaml.v2"
  packages = ["."]
  revision = "eb3733d160e74a9c7e442f435eb3bea458e1d19f"

[solve-meta]
  analyzer-name = "dep"
  analyzer-version = 1
  inputs-digest = "e5137eb989fa7315be654ae533bf08a47b675c817bf09844f0ec87550a1dc46e"
  solver-name = "gps-cdcl"
  solver-version = 1
